// !$*UTF8*$!
{
	archiveVersion = 1;
	classes = {
	};
	objectVersion = 55;
	objects = {

/* Begin PBXBuildFile section */
		FA43FFE62771C4F00067B0D0 /* AppDelegate.swift in Sources */ = {isa = PBXBuildFile; fileRef = FA43FFE52771C4F00067B0D0 /* AppDelegate.swift */; };
		FA43FFE82771C4F00067B0D0 /* SceneDelegate.swift in Sources */ = {isa = PBXBuildFile; fileRef = FA43FFE72771C4F00067B0D0 /* SceneDelegate.swift */; };
		FA43FFEA2771C4F00067B0D0 /* HomeViewController.swift in Sources */ = {isa = PBXBuildFile; fileRef = FA43FFE92771C4F00067B0D0 /* HomeViewController.swift */; };
		FA43FFED2771C4F00067B0D0 /* Main.storyboard in Resources */ = {isa = PBXBuildFile; fileRef = FA43FFEB2771C4F00067B0D0 /* Main.storyboard */; };
		FA43FFF02771C4F00067B0D0 /* DataModel.xcdatamodeld in Sources */ = {isa = PBXBuildFile; fileRef = FA43FFEE2771C4F00067B0D0 /* DataModel.xcdatamodeld */; };
		FA43FFF22771C4F20067B0D0 /* Assets.xcassets in Resources */ = {isa = PBXBuildFile; fileRef = FA43FFF12771C4F20067B0D0 /* Assets.xcassets */; };
		FA43FFF52771C4F20067B0D0 /* LaunchScreen.storyboard in Resources */ = {isa = PBXBuildFile; fileRef = FA43FFF32771C4F20067B0D0 /* LaunchScreen.storyboard */; };
		FAA38A04277439DD006CA8E7 /* Article.swift in Sources */ = {isa = PBXBuildFile; fileRef = FAA38A00277439DD006CA8E7 /* Article.swift */; };
		FAA38A06277439DD006CA8E7 /* Category.swift in Sources */ = {isa = PBXBuildFile; fileRef = FAA38A02277439DD006CA8E7 /* Category.swift */; };
		FAA38A0B277441B1006CA8E7 /* CreationViewController.swift in Sources */ = {isa = PBXBuildFile; fileRef = FAA38A0A277441B1006CA8E7 /* CreationViewController.swift */; };
		FAA38A0D277449EF006CA8E7 /* PersistentContainer.swift in Sources */ = {isa = PBXBuildFile; fileRef = FAA38A0C277449EF006CA8E7 /* PersistentContainer.swift */; };
		FAA38A1327745B9C006CA8E7 /* Extension+NSManagedObject.swift in Sources */ = {isa = PBXBuildFile; fileRef = FAA38A1227745B9C006CA8E7 /* Extension+NSManagedObject.swift */; };
/* End PBXBuildFile section */

/* Begin PBXFileReference section */
		FA43FFE22771C4F00067B0D0 /* CoreDataPractice.app */ = {isa = PBXFileReference; explicitFileType = wrapper.application; includeInIndex = 0; path = CoreDataPractice.app; sourceTree = BUILT_PRODUCTS_DIR; };
		FA43FFE52771C4F00067B0D0 /* AppDelegate.swift */ = {isa = PBXFileReference; lastKnownFileType = sourcecode.swift; path = AppDelegate.swift; sourceTree = "<group>"; };
		FA43FFE72771C4F00067B0D0 /* SceneDelegate.swift */ = {isa = PBXFileReference; lastKnownFileType = sourcecode.swift; path = SceneDelegate.swift; sourceTree = "<group>"; };
		FA43FFE92771C4F00067B0D0 /* HomeViewController.swift */ = {isa = PBXFileReference; lastKnownFileType = sourcecode.swift; path = HomeViewController.swift; sourceTree = "<group>"; };
		FA43FFEC2771C4F00067B0D0 /* Base */ = {isa = PBXFileReference; lastKnownFileType = file.storyboard; name = Base; path = Base.lproj/Main.storyboard; sourceTree = "<group>"; };
		FA43FFEF2771C4F00067B0D0 /* CoreDataPractice.xcdatamodel */ = {isa = PBXFileReference; lastKnownFileType = wrapper.xcdatamodel; path = CoreDataPractice.xcdatamodel; sourceTree = "<group>"; };
		FA43FFF12771C4F20067B0D0 /* Assets.xcassets */ = {isa = PBXFileReference; lastKnownFileType = folder.assetcatalog; path = Assets.xcassets; sourceTree = "<group>"; };
		FA43FFF42771C4F20067B0D0 /* Base */ = {isa = PBXFileReference; lastKnownFileType = file.storyboard; name = Base; path = Base.lproj/LaunchScreen.storyboard; sourceTree = "<group>"; };
		FA43FFF62771C4F20067B0D0 /* Info.plist */ = {isa = PBXFileReference; lastKnownFileType = text.plist.xml; path = Info.plist; sourceTree = "<group>"; };
		FAA38A00277439DD006CA8E7 /* Article.swift */ = {isa = PBXFileReference; lastKnownFileType = sourcecode.swift; path = Article.swift; sourceTree = "<group>"; };
		FAA38A02277439DD006CA8E7 /* Category.swift */ = {isa = PBXFileReference; lastKnownFileType = sourcecode.swift; path = Category.swift; sourceTree = "<group>"; };
		FAA38A0A277441B1006CA8E7 /* CreationViewController.swift */ = {isa = PBXFileReference; lastKnownFileType = sourcecode.swift; path = CreationViewController.swift; sourceTree = "<group>"; };
		FAA38A0C277449EF006CA8E7 /* PersistentContainer.swift */ = {isa = PBXFileReference; lastKnownFileType = sourcecode.swift; path = PersistentContainer.swift; sourceTree = "<group>"; };
		FAA38A1227745B9C006CA8E7 /* Extension+NSManagedObject.swift */ = {isa = PBXFileReference; lastKnownFileType = sourcecode.swift; path = "Extension+NSManagedObject.swift"; sourceTree = "<group>"; };
/* End PBXFileReference section */

/* Begin PBXFrameworksBuildPhase section */
		FA43FFDF2771C4F00067B0D0 /* Frameworks */ = {
			isa = PBXFrameworksBuildPhase;
			buildActionMask = 2147483647;
			files = (
			);
			runOnlyForDeploymentPostprocessing = 0;
		};
/* End PBXFrameworksBuildPhase section */

/* Begin PBXGroup section */
		FA43FFD92771C4F00067B0D0 = {
			isa = PBXGroup;
			children = (
				FA43FFE42771C4F00067B0D0 /* CoreDataPractice */,
				FA43FFE32771C4F00067B0D0 /* Products */,
			);
			sourceTree = "<group>";
		};
		FA43FFE32771C4F00067B0D0 /* Products */ = {
			isa = PBXGroup;
			children = (
				FA43FFE22771C4F00067B0D0 /* CoreDataPractice.app */,
			);
			name = Products;
			sourceTree = "<group>";
		};
		FA43FFE42771C4F00067B0D0 /* CoreDataPractice */ = {
			isa = PBXGroup;
			children = (
				FAA38A0827743C81006CA8E7 /* Application */,
				FAA389EE27743511006CA8E7 /* CoreData */,
				FAA38A0927743C8F006CA8E7 /* Scene */,
				FA43FFF12771C4F20067B0D0 /* Assets.xcassets */,
				FA43FFF32771C4F20067B0D0 /* LaunchScreen.storyboard */,
				FA43FFF62771C4F20067B0D0 /* Info.plist */,
			);
			path = CoreDataPractice;
			sourceTree = "<group>";
		};
		FAA389EE27743511006CA8E7 /* CoreData */ = {
			isa = PBXGroup;
			children = (
				FA43FFEE2771C4F00067B0D0 /* DataModel.xcdatamodeld */,
				FAA389EF2774351B006CA8E7 /* Models */,
				FAA38A0C277449EF006CA8E7 /* PersistentContainer.swift */,
				FAA38A1227745B9C006CA8E7 /* Extension+NSManagedObject.swift */,
			);
			path = CoreData;
			sourceTree = "<group>";
		};
		FAA389EF2774351B006CA8E7 /* Models */ = {
			isa = PBXGroup;
			children = (
				FAA38A00277439DD006CA8E7 /* Article.swift */,
				FAA38A02277439DD006CA8E7 /* Category.swift */,
			);
			path = Models;
			sourceTree = "<group>";
		};
		FAA38A0827743C81006CA8E7 /* Application */ = {
			isa = PBXGroup;
			children = (
				FA43FFE52771C4F00067B0D0 /* AppDelegate.swift */,
				FA43FFE72771C4F00067B0D0 /* SceneDelegate.swift */,
			);
			path = Application;
			sourceTree = "<group>";
		};
		FAA38A0927743C8F006CA8E7 /* Scene */ = {
			isa = PBXGroup;
			children = (
				FA43FFEB2771C4F00067B0D0 /* Main.storyboard */,
				FA43FFE92771C4F00067B0D0 /* HomeViewController.swift */,
				FAA38A0A277441B1006CA8E7 /* CreationViewController.swift */,
			);
			path = Scene;
			sourceTree = "<group>";
		};
/* End PBXGroup section */

/* Begin PBXNativeTarget section */
		FA43FFE12771C4F00067B0D0 /* CoreDataPractice */ = {
			isa = PBXNativeTarget;
			buildConfigurationList = FA43FFF92771C4F20067B0D0 /* Build configuration list for PBXNativeTarget "CoreDataPractice" */;
			buildPhases = (
				FA43FFDE2771C4F00067B0D0 /* Sources */,
				FA43FFDF2771C4F00067B0D0 /* Frameworks */,
				FA43FFE02771C4F00067B0D0 /* Resources */,
			);
			buildRules = (
			);
			dependencies = (
			);
			name = CoreDataPractice;
			productName = CoreDataPractice;
			productReference = FA43FFE22771C4F00067B0D0 /* CoreDataPractice.app */;
			productType = "com.apple.product-type.application";
		};
/* End PBXNativeTarget section */

/* Begin PBXProject section */
		FA43FFDA2771C4F00067B0D0 /* Project object */ = {
			isa = PBXProject;
			attributes = {
				BuildIndependentTargetsInParallel = 1;
				LastSwiftUpdateCheck = 1310;
				LastUpgradeCheck = 1310;
				TargetAttributes = {
					FA43FFE12771C4F00067B0D0 = {
						CreatedOnToolsVersion = 13.1;
					};
				};
			};
			buildConfigurationList = FA43FFDD2771C4F00067B0D0 /* Build configuration list for PBXProject "CoreDataPractice" */;
			compatibilityVersion = "Xcode 13.0";
			developmentRegion = en;
			hasScannedForEncodings = 0;
			knownRegions = (
				en,
				Base,
			);
			mainGroup = FA43FFD92771C4F00067B0D0;
			productRefGroup = FA43FFE32771C4F00067B0D0 /* Products */;
			projectDirPath = "";
			projectRoot = "";
			targets = (
				FA43FFE12771C4F00067B0D0 /* CoreDataPractice */,
			);
		};
/* End PBXProject section */

/* Begin PBXResourcesBuildPhase section */
		FA43FFE02771C4F00067B0D0 /* Resources */ = {
			isa = PBXResourcesBuildPhase;
			buildActionMask = 2147483647;
			files = (
				FA43FFF52771C4F20067B0D0 /* LaunchScreen.storyboard in Resources */,
				FA43FFF22771C4F20067B0D0 /* Assets.xcassets in Resources */,
				FA43FFED2771C4F00067B0D0 /* Main.storyboard in Resources */,
			);
			runOnlyForDeploymentPostprocessing = 0;
		};
/* End PBXResourcesBuildPhase section */

/* Begin PBXSourcesBuildPhase section */
		FA43FFDE2771C4F00067B0D0 /* Sources */ = {
			isa = PBXSourcesBuildPhase;
			buildActionMask = 2147483647;
			files = (
				FAA38A0D277449EF006CA8E7 /* PersistentContainer.swift in Sources */,
				FA43FFEA2771C4F00067B0D0 /* HomeViewController.swift in Sources */,
				FAA38A1327745B9C006CA8E7 /* Extension+NSManagedObject.swift in Sources */,
				FA43FFE62771C4F00067B0D0 /* AppDelegate.swift in Sources */,
				FAA38A06277439DD006CA8E7 /* Category.swift in Sources */,
				FAA38A04277439DD006CA8E7 /* Article.swift in Sources */,
				FA43FFE82771C4F00067B0D0 /* SceneDelegate.swift in Sources */,
				FA43FFF02771C4F00067B0D0 /* DataModel.xcdatamodeld in Sources */,
				FAA38A0B277441B1006CA8E7 /* CreationViewController.swift in Sources */,
			);
			runOnlyForDeploymentPostprocessing = 0;
		};
/* End PBXSourcesBuildPhase section */

/* Begin PBXVariantGroup section */
		FA43FFEB2771C4F00067B0D0 /* Main.storyboard */ = {
			isa = PBXVariantGroup;
			children = (
				FA43FFEC2771C4F00067B0D0 /* Base */,
			);
			name = Main.storyboard;
			sourceTree = "<group>";
		};
		FA43FFF32771C4F20067B0D0 /* LaunchScreen.storyboard */ = {
			isa = PBXVariantGroup;
			children = (
				FA43FFF42771C4F20067B0D0 /* Base */,
			);
			name = LaunchScreen.storyboard;
			sourceTree = "<group>";
		};
/* End PBXVariantGroup section */

/* Begin XCBuildConfiguration section */
		FA43FFF72771C4F20067B0D0 /* Debug */ = {
			isa = XCBuildConfiguration;
			buildSettings = {
				ALWAYS_SEARCH_USER_PATHS = NO;
				CLANG_ANALYZER_NONNULL = YES;
				CLANG_ANALYZER_NUMBER_OBJECT_CONVERSION = YES_AGGRESSIVE;
				CLANG_CXX_LANGUAGE_STANDARD = "gnu++17";
				CLANG_CXX_LIBRARY = "libc++";
				CLANG_ENABLE_MODULES = YES;
				CLANG_ENABLE_OBJC_ARC = YES;
				CLANG_ENABLE_OBJC_WEAK = YES;
				CLANG_WARN_BLOCK_CAPTURE_AUTORELEASING = YES;
				CLANG_WARN_BOOL_CONVERSION = YES;
				CLANG_WARN_COMMA = YES;
				CLANG_WARN_CONSTANT_CONVERSION = YES;
				CLANG_WARN_DEPRECATED_OBJC_IMPLEMENTATIONS = YES;
				CLANG_WARN_DIRECT_OBJC_ISA_USAGE = YES_ERROR;
				CLANG_WARN_DOCUMENTATION_COMMENTS = YES;
				CLANG_WARN_EMPTY_BODY = YES;
				CLANG_WARN_ENUM_CONVERSION = YES;
				CLANG_WARN_INFINITE_RECURSION = YES;
				CLANG_WARN_INT_CONVERSION = YES;
				CLANG_WARN_NON_LITERAL_NULL_CONVERSION = YES;
				CLANG_WARN_OBJC_IMPLICIT_RETAIN_SELF = YES;
				CLANG_WARN_OBJC_LITERAL_CONVERSION = YES;
				CLANG_WARN_OBJC_ROOT_CLASS = YES_ERROR;
				CLANG_WARN_QUOTED_INCLUDE_IN_FRAMEWORK_HEADER = YES;
				CLANG_WARN_RANGE_LOOP_ANALYSIS = YES;
				CLANG_WARN_STRICT_PROTOTYPES = YES;
				CLANG_WARN_SUSPICIOUS_MOVE = YES;
				CLANG_WARN_UNGUARDED_AVAILABILITY = YES_AGGRESSIVE;
				CLANG_WARN_UNREACHABLE_CODE = YES;
				CLANG_WARN__DUPLICATE_METHOD_MATCH = YES;
				COPY_PHASE_STRIP = NO;
				DEBUG_INFORMATION_FORMAT = dwarf;
				ENABLE_STRICT_OBJC_MSGSEND = YES;
				ENABLE_TESTABILITY = YES;
				GCC_C_LANGUAGE_STANDARD = gnu11;
				GCC_DYNAMIC_NO_PIC = NO;
				GCC_NO_COMMON_BLOCKS = YES;
				GCC_OPTIMIZATION_LEVEL = 0;
				GCC_PREPROCESSOR_DEFINITIONS = (
					"DEBUG=1",
					"$(inherited)",
				);
				GCC_WARN_64_TO_32_BIT_CONVERSION = YES;
				GCC_WARN_ABOUT_RETURN_TYPE = YES_ERROR;
				GCC_WARN_UNDECLARED_SELECTOR = YES;
				GCC_WARN_UNINITIALIZED_AUTOS = YES_AGGRESSIVE;
				GCC_WARN_UNUSED_FUNCTION = YES;
				GCC_WARN_UNUSED_VARIABLE = YES;
				IPHONEOS_DEPLOYMENT_TARGET = 15.0;
				MTL_ENABLE_DEBUG_INFO = INCLUDE_SOURCE;
				MTL_FAST_MATH = YES;
				ONLY_ACTIVE_ARCH = YES;
				SDKROOT = iphoneos;
				SWIFT_ACTIVE_COMPILATION_CONDITIONS = DEBUG;
				SWIFT_OPTIMIZATION_LEVEL = "-Onone";
			};
			name = Debug;
		};
		FA43FFF82771C4F20067B0D0 /* Release */ = {
			isa = XCBuildConfiguration;
			buildSettings = {
				ALWAYS_SEARCH_USER_PATHS = NO;
				CLANG_ANALYZER_NONNULL = YES;
				CLANG_ANALYZER_NUMBER_OBJECT_CONVERSION = YES_AGGRESSIVE;
				CLANG_CXX_LANGUAGE_STANDARD = "gnu++17";
				CLANG_CXX_LIBRARY = "libc++";
				CLANG_ENABLE_MODULES = YES;
				CLANG_ENABLE_OBJC_ARC = YES;
				CLANG_ENABLE_OBJC_WEAK = YES;
				CLANG_WARN_BLOCK_CAPTURE_AUTORELEASING = YES;
				CLANG_WARN_BOOL_CONVERSION = YES;
				CLANG_WARN_COMMA = YES;
				CLANG_WARN_CONSTANT_CONVERSION = YES;
				CLANG_WARN_DEPRECATED_OBJC_IMPLEMENTATIONS = YES;
				CLANG_WARN_DIRECT_OBJC_ISA_USAGE = YES_ERROR;
				CLANG_WARN_DOCUMENTATION_COMMENTS = YES;
				CLANG_WARN_EMPTY_BODY = YES;
				CLANG_WARN_ENUM_CONVERSION = YES;
				CLANG_WARN_INFINITE_RECURSION = YES;
				CLANG_WARN_INT_CONVERSION = YES;
				CLANG_WARN_NON_LITERAL_NULL_CONVERSION = YES;
				CLANG_WARN_OBJC_IMPLICIT_RETAIN_SELF = YES;
				CLANG_WARN_OBJC_LITERAL_CONVERSION = YES;
				CLANG_WARN_OBJC_ROOT_CLASS = YES_ERROR;
				CLANG_WARN_QUOTED_INCLUDE_IN_FRAMEWORK_HEADER = YES;
				CLANG_WARN_RANGE_LOOP_ANALYSIS = YES;
				CLANG_WARN_STRICT_PROTOTYPES = YES;
				CLANG_WARN_SUSPICIOUS_MOVE = YES;
				CLANG_WARN_UNGUARDED_AVAILABILITY = YES_AGGRESSIVE;
				CLANG_WARN_UNREACHABLE_CODE = YES;
				CLANG_WARN__DUPLICATE_METHOD_MATCH = YES;
				COPY_PHASE_STRIP = NO;
				DEBUG_INFORMATION_FORMAT = "dwarf-with-dsym";
				ENABLE_NS_ASSERTIONS = NO;
				ENABLE_STRICT_OBJC_MSGSEND = YES;
				GCC_C_LANGUAGE_STANDARD = gnu11;
				GCC_NO_COMMON_BLOCKS = YES;
				GCC_WARN_64_TO_32_BIT_CONVERSION = YES;
				GCC_WARN_ABOUT_RETURN_TYPE = YES_ERROR;
				GCC_WARN_UNDECLARED_SELECTOR = YES;
				GCC_WARN_UNINITIALIZED_AUTOS = YES_AGGRESSIVE;
				GCC_WARN_UNUSED_FUNCTION = YES;
				GCC_WARN_UNUSED_VARIABLE = YES;
				IPHONEOS_DEPLOYMENT_TARGET = 15.0;
				MTL_ENABLE_DEBUG_INFO = NO;
				MTL_FAST_MATH = YES;
				SDKROOT = iphoneos;
				SWIFT_COMPILATION_MODE = wholemodule;
				SWIFT_OPTIMIZATION_LEVEL = "-O";
				VALIDATE_PRODUCT = YES;
			};
			name = Release;
		};
		FA43FFFA2771C4F20067B0D0 /* Debug */ = {
			isa = XCBuildConfiguration;
			buildSettings = {
				ASSETCATALOG_COMPILER_APPICON_NAME = AppIcon;
				ASSETCATALOG_COMPILER_GLOBAL_ACCENT_COLOR_NAME = AccentColor;
				CODE_SIGN_STYLE = Automatic;
				CURRENT_PROJECT_VERSION = 1;
				GENERATE_INFOPLIST_FILE = YES;
				INFOPLIST_FILE = CoreDataPractice/Info.plist;
				INFOPLIST_KEY_UIApplicationSupportsIndirectInputEvents = YES;
				INFOPLIST_KEY_UILaunchStoryboardName = LaunchScreen;
				INFOPLIST_KEY_UIMainStoryboardFile = Main;
				INFOPLIST_KEY_UISupportedInterfaceOrientations_iPad = "UIInterfaceOrientationPortrait UIInterfaceOrientationPortraitUpsideDown UIInterfaceOrientationLandscapeLeft UIInterfaceOrientationLandscapeRight";
				INFOPLIST_KEY_UISupportedInterfaceOrientations_iPhone = "UIInterfaceOrientationPortrait UIInterfaceOrientationLandscapeLeft UIInterfaceOrientationLandscapeRight";
				LD_RUNPATH_SEARCH_PATHS = (
					"$(inherited)",
					"@executable_path/Frameworks",
				);
				MARKETING_VERSION = 1.0;
				PRODUCT_BUNDLE_IDENTIFIER = com.ssionii.CoreDataPractice;
				PRODUCT_NAME = "$(TARGET_NAME)";
				SWIFT_EMIT_LOC_STRINGS = YES;
				SWIFT_VERSION = 5.0;
				TARGETED_DEVICE_FAMILY = "1,2";
			};
			name = Debug;
		};
		FA43FFFB2771C4F20067B0D0 /* Release */ = {
			isa = XCBuildConfiguration;
			buildSettings = {
				ASSETCATALOG_COMPILER_APPICON_NAME = AppIcon;
				ASSETCATALOG_COMPILER_GLOBAL_ACCENT_COLOR_NAME = AccentColor;
				CODE_SIGN_STYLE = Automatic;
				CURRENT_PROJECT_VERSION = 1;
				GENERATE_INFOPLIST_FILE = YES;
				INFOPLIST_FILE = CoreDataPractice/Info.plist;
				INFOPLIST_KEY_UIApplicationSupportsIndirectInputEvents = YES;
				INFOPLIST_KEY_UILaunchStoryboardName = LaunchScreen;
				INFOPLIST_KEY_UIMainStoryboardFile = Main;
				INFOPLIST_KEY_UISupportedInterfaceOrientations_iPad = "UIInterfaceOrientationPortrait UIInterfaceOrientationPortraitUpsideDown UIInterfaceOrientationLandscapeLeft UIInterfaceOrientationLandscapeRight";
				INFOPLIST_KEY_UISupportedInterfaceOrientations_iPhone = "UIInterfaceOrientationPortrait UIInterfaceOrientationLandscapeLeft UIInterfaceOrientationLandscapeRight";
				LD_RUNPATH_SEARCH_PATHS = (
					"$(inherited)",
					"@executable_path/Frameworks",
				);
				MARKETING_VERSION = 1.0;
				PRODUCT_BUNDLE_IDENTIFIER = com.ssionii.CoreDataPractice;
				PRODUCT_NAME = "$(TARGET_NAME)";
				SWIFT_EMIT_LOC_STRINGS = YES;
				SWIFT_VERSION = 5.0;
				TARGETED_DEVICE_FAMILY = "1,2";
			};
			name = Release;
		};
/* End XCBuildConfiguration section */

/* Begin XCConfigurationList section */
		FA43FFDD2771C4F00067B0D0 /* Build configuration list for PBXProject "CoreDataPractice" */ = {
			isa = XCConfigurationList;
			buildConfigurations = (
				FA43FFF72771C4F20067B0D0 /* Debug */,
				FA43FFF82771C4F20067B0D0 /* Release */,
			);
			defaultConfigurationIsVisible = 0;
			defaultConfigurationName = Release;
		};
		FA43FFF92771C4F20067B0D0 /* Build configuration list for PBXNativeTarget "CoreDataPractice" */ = {
			isa = XCConfigurationList;
			buildConfigurations = (
				FA43FFFA2771C4F20067B0D0 /* Debug */,
				FA43FFFB2771C4F20067B0D0 /* Release */,
			);
			defaultConfigurationIsVisible = 0;
			defaultConfigurationName = Release;
		};
/* End XCConfigurationList section */

/* Begin XCVersionGroup section */
		FA43FFEE2771C4F00067B0D0 /* DataModel.xcdatamodeld */ = {
			isa = XCVersionGroup;
			children = (
				FA43FFEF2771C4F00067B0D0 /* CoreDataPractice.xcdatamodel */,
			);
			currentVersion = FA43FFEF2771C4F00067B0D0 /* CoreDataPractice.xcdatamodel */;
			path = DataModel.xcdatamodeld;
			sourceTree = "<group>";
			versionGroupType = wrapper.xcdatamodel;
		};
/* End XCVersionGroup section */
	};
	rootObject = FA43FFDA2771C4F00067B0D0 /* Project object */;
}
